// !$*UTF8*$!
{
	archiveVersion = 1;
	classes = {
	};
	objectVersion = 46;
	objects = {

/* Begin PBXBuildFile section */
		69ECB8291ACA28E600C4F517 /* AppDelegate.swift in Sources */ = {isa = PBXBuildFile; fileRef = 69ECB8281ACA28E600C4F517 /* AppDelegate.swift */; };
		69ECB82B1ACA28E600C4F517 /* PsychologistViewController.swift in Sources */ = {isa = PBXBuildFile; fileRef = 69ECB82A1ACA28E600C4F517 /* PsychologistViewController.swift */; };
		69ECB82E1ACA28E600C4F517 /* Main.storyboard in Resources */ = {isa = PBXBuildFile; fileRef = 69ECB82C1ACA28E600C4F517 /* Main.storyboard */; };
		69ECB8301ACA28E600C4F517 /* Images.xcassets in Resources */ = {isa = PBXBuildFile; fileRef = 69ECB82F1ACA28E600C4F517 /* Images.xcassets */; };
		69ECB8331ACA28E600C4F517 /* LaunchScreen.xib in Resources */ = {isa = PBXBuildFile; fileRef = 69ECB8311ACA28E600C4F517 /* LaunchScreen.xib */; };
		69ECB83F1ACA28E600C4F517 /* PsychologistTests.swift in Sources */ = {isa = PBXBuildFile; fileRef = 69ECB83E1ACA28E600C4F517 /* PsychologistTests.swift */; };
		69ECB84A1ACA2EF600C4F517 /* HappinessViewController.swift in Sources */ = {isa = PBXBuildFile; fileRef = 69ECB8481ACA2EF600C4F517 /* HappinessViewController.swift */; };
		69ECB84B1ACA2EF600C4F517 /* FaceView.swift in Sources */ = {isa = PBXBuildFile; fileRef = 69ECB8491ACA2EF600C4F517 /* FaceView.swift */; };
/* End PBXBuildFile section */

/* Begin PBXContainerItemProxy section */
		69ECB8391ACA28E600C4F517 /* PBXContainerItemProxy */ = {
			isa = PBXContainerItemProxy;
			containerPortal = 69ECB81B1ACA28E600C4F517 /* Project object */;
			proxyType = 1;
			remoteGlobalIDString = 69ECB8221ACA28E600C4F517;
			remoteInfo = Psychologist;
		};
/* End PBXContainerItemProxy section */

/* Begin PBXFileReference section */
		69ECB8231ACA28E600C4F517 /* Psychologist.app */ = {isa = PBXFileReference; explicitFileType = wrapper.application; includeInIndex = 0; path = Psychologist.app; sourceTree = BUILT_PRODUCTS_DIR; };
		69ECB8271ACA28E600C4F517 /* Info.plist */ = {isa = PBXFileReference; lastKnownFileType = text.plist.xml; path = Info.plist; sourceTree = "<group>"; };
		69ECB8281ACA28E600C4F517 /* AppDelegate.swift */ = {isa = PBXFileReference; lastKnownFileType = sourcecode.swift; path = AppDelegate.swift; sourceTree = "<group>"; };
		69ECB82A1ACA28E600C4F517 /* PsychologistViewController.swift */ = {isa = PBXFileReference; lastKnownFileType = sourcecode.swift; path = PsychologistViewController.swift; sourceTree = "<group>"; };
		69ECB82D1ACA28E600C4F517 /* Base */ = {isa = PBXFileReference; lastKnownFileType = file.storyboard; name = Base; path = Base.lproj/Main.storyboard; sourceTree = "<group>"; };
		69ECB82F1ACA28E600C4F517 /* Images.xcassets */ = {isa = PBXFileReference; lastKnownFileType = folder.assetcatalog; path = Images.xcassets; sourceTree = "<group>"; };
		69ECB8321ACA28E600C4F517 /* Base */ = {isa = PBXFileReference; lastKnownFileType = file.xib; name = Base; path = Base.lproj/LaunchScreen.xib; sourceTree = "<group>"; };
		69ECB8381ACA28E600C4F517 /* PsychologistTests.xctest */ = {isa = PBXFileReference; explicitFileType = wrapper.cfbundle; includeInIndex = 0; path = PsychologistTests.xctest; sourceTree = BUILT_PRODUCTS_DIR; };
		69ECB83D1ACA28E600C4F517 /* Info.plist */ = {isa = PBXFileReference; lastKnownFileType = text.plist.xml; path = Info.plist; sourceTree = "<group>"; };
		69ECB83E1ACA28E600C4F517 /* PsychologistTests.swift */ = {isa = PBXFileReference; lastKnownFileType = sourcecode.swift; path = PsychologistTests.swift; sourceTree = "<group>"; };
		69ECB8481ACA2EF600C4F517 /* HappinessViewController.swift */ = {isa = PBXFileReference; fileEncoding = 4; lastKnownFileType = sourcecode.swift; path = HappinessViewController.swift; sourceTree = "<group>"; };
		69ECB8491ACA2EF600C4F517 /* FaceView.swift */ = {isa = PBXFileReference; fileEncoding = 4; lastKnownFileType = sourcecode.swift; path = FaceView.swift; sourceTree = "<group>"; };
/* End PBXFileReference section */

/* Begin PBXFrameworksBuildPhase section */
		69ECB8201ACA28E600C4F517 /* Frameworks */ = {
			isa = PBXFrameworksBuildPhase;
			buildActionMask = 2147483647;
			files = (
			);
			runOnlyForDeploymentPostprocessing = 0;
		};
		69ECB8351ACA28E600C4F517 /* Frameworks */ = {
			isa = PBXFrameworksBuildPhase;
			buildActionMask = 2147483647;
			files = (
			);
			runOnlyForDeploymentPostprocessing = 0;
		};
/* End PBXFrameworksBuildPhase section */

/* Begin PBXGroup section */
		69ECB81A1ACA28E600C4F517 = {
			isa = PBXGroup;
			children = (
				69ECB8251ACA28E600C4F517 /* Psychologist */,
				69ECB83B1ACA28E600C4F517 /* PsychologistTests */,
				69ECB8241ACA28E600C4F517 /* Products */,
			);
			sourceTree = "<group>";
		};
		69ECB8241ACA28E600C4F517 /* Products */ = {
			isa = PBXGroup;
			children = (
				69ECB8231ACA28E600C4F517 /* Psychologist.app */,
				69ECB8381ACA28E600C4F517 /* PsychologistTests.xctest */,
			);
			name = Products;
			sourceTree = "<group>";
		};
		69ECB8251ACA28E600C4F517 /* Psychologist */ = {
			isa = PBXGroup;
			children = (
				69ECB82A1ACA28E600C4F517 /* PsychologistViewController.swift */,
				69ECB82C1ACA28E600C4F517 /* Main.storyboard */,
				69ECB8481ACA2EF600C4F517 /* HappinessViewController.swift */,
				69ECB8491ACA2EF600C4F517 /* FaceView.swift */,
				69ECB8261ACA28E600C4F517 /* Supporting Files */,
			);
			path = Psychologist;
			sourceTree = "<group>";
		};
		69ECB8261ACA28E600C4F517 /* Supporting Files */ = {
			isa = PBXGroup;
			children = (
				69ECB8281ACA28E600C4F517 /* AppDelegate.swift */,
				69ECB82F1ACA28E600C4F517 /* Images.xcassets */,
				69ECB8311ACA28E600C4F517 /* LaunchScreen.xib */,
				69ECB8271ACA28E600C4F517 /* Info.plist */,
			);
			name = "Supporting Files";
			sourceTree = "<group>";
		};
		69ECB83B1ACA28E600C4F517 /* PsychologistTests */ = {
			isa = PBXGroup;
			children = (
				69ECB83E1ACA28E600C4F517 /* PsychologistTests.swift */,
				69ECB83C1ACA28E600C4F517 /* Supporting Files */,
			);
			path = PsychologistTests;
			sourceTree = "<group>";
		};
		69ECB83C1ACA28E600C4F517 /* Supporting Files */ = {
			isa = PBXGroup;
			children = (
				69ECB83D1ACA28E600C4F517 /* Info.plist */,
			);
			name = "Supporting Files";
			sourceTree = "<group>";
		};
/* End PBXGroup section */

/* Begin PBXNativeTarget section */
		69ECB8221ACA28E600C4F517 /* Psychologist */ = {
			isa = PBXNativeTarget;
			buildConfigurationList = 69ECB8421ACA28E600C4F517 /* Build configuration list for PBXNativeTarget "Psychologist" */;
			buildPhases = (
				69ECB81F1ACA28E600C4F517 /* Sources */,
				69ECB8201ACA28E600C4F517 /* Frameworks */,
				69ECB8211ACA28E600C4F517 /* Resources */,
			);
			buildRules = (
			);
			dependencies = (
			);
			name = Psychologist;
			productName = Psychologist;
			productReference = 69ECB8231ACA28E600C4F517 /* Psychologist.app */;
			productType = "com.apple.product-type.application";
		};
		69ECB8371ACA28E600C4F517 /* PsychologistTests */ = {
			isa = PBXNativeTarget;
			buildConfigurationList = 69ECB8451ACA28E600C4F517 /* Build configuration list for PBXNativeTarget "PsychologistTests" */;
			buildPhases = (
				69ECB8341ACA28E600C4F517 /* Sources */,
				69ECB8351ACA28E600C4F517 /* Frameworks */,
				69ECB8361ACA28E600C4F517 /* Resources */,
			);
			buildRules = (
			);
			dependencies = (
				69ECB83A1ACA28E600C4F517 /* PBXTargetDependency */,
			);
			name = PsychologistTests;
			productName = PsychologistTests;
			productReference = 69ECB8381ACA28E600C4F517 /* PsychologistTests.xctest */;
			productType = "com.apple.product-type.bundle.unit-test";
		};
/* End PBXNativeTarget section */

/* Begin PBXProject section */
		69ECB81B1ACA28E600C4F517 /* Project object */ = {
			isa = PBXProject;
			attributes = {
				LastUpgradeCheck = 0620;
				ORGANIZATIONNAME = "Tulin Akdogan";
				TargetAttributes = {
					69ECB8221ACA28E600C4F517 = {
						CreatedOnToolsVersion = 6.2;
					};
					69ECB8371ACA28E600C4F517 = {
						CreatedOnToolsVersion = 6.2;
						TestTargetID = 69ECB8221ACA28E600C4F517;
					};
				};
			};
			buildConfigurationList = 69ECB81E1ACA28E600C4F517 /* Build configuration list for PBXProject "Psychologist" */;
			compatibilityVersion = "Xcode 3.2";
			developmentRegion = English;
			hasScannedForEncodings = 0;
			knownRegions = (
				en,
				Base,
			);
			mainGroup = 69ECB81A1ACA28E600C4F517;
			productRefGroup = 69ECB8241ACA28E600C4F517 /* Products */;
			projectDirPath = "";
			projectRoot = "";
			targets = (
				69ECB8221ACA28E600C4F517 /* Psychologist */,
				69ECB8371ACA28E600C4F517 /* PsychologistTests */,
			);
		};
/* End PBXProject section */

/* Begin PBXResourcesBuildPhase section */
		69ECB8211ACA28E600C4F517 /* Resources */ = {
			isa = PBXResourcesBuildPhase;
			buildActionMask = 2147483647;
			files = (
				69ECB82E1ACA28E600C4F517 /* Main.storyboard in Resources */,
				69ECB8331ACA28E600C4F517 /* LaunchScreen.xib in Resources */,
				69ECB8301ACA28E600C4F517 /* Images.xcassets in Resources */,
			);
			runOnlyForDeploymentPostprocessing = 0;
		};
		69ECB8361ACA28E600C4F517 /* Resources */ = {
			isa = PBXResourcesBuildPhase;
			buildActionMask = 2147483647;
			files = (
			);
			runOnlyForDeploymentPostprocessing = 0;
		};
/* End PBXResourcesBuildPhase section */

/* Begin PBXSourcesBuildPhase section */
		69ECB81F1ACA28E600C4F517 /* Sources */ = {
			isa = PBXSourcesBuildPhase;
			buildActionMask = 2147483647;
			files = (
				69ECB82B1ACA28E600C4F517 /* PsychologistViewController.swift in Sources */,
				69ECB84A1ACA2EF600C4F517 /* HappinessViewController.swift in Sources */,
				69ECB8291ACA28E600C4F517 /* AppDelegate.swift in Sources */,
				69ECB84B1ACA2EF600C4F517 /* FaceView.swift in Sources */,
			);
			runOnlyForDeploymentPostprocessing = 0;
		};
		69ECB8341ACA28E600C4F517 /* Sources */ = {
			isa = PBXSourcesBuildPhase;
			buildActionMask = 2147483647;
			files = (
				69ECB83F1ACA28E600C4F517 /* PsychologistTests.swift in Sources */,
			);
			runOnlyForDeploymentPostprocessing = 0;
		};
/* End PBXSourcesBuildPhase section */

/* Begin PBXTargetDependency section */
		69ECB83A1ACA28E600C4F517 /* PBXTargetDependency */ = {
			isa = PBXTargetDependency;
			target = 69ECB8221ACA28E600C4F517 /* Psychologist */;
			targetProxy = 69ECB8391ACA28E600C4F517 /* PBXContainerItemProxy */;
		};
/* End PBXTargetDependency section */

/* Begin PBXVariantGroup section */
		69ECB82C1ACA28E600C4F517 /* Main.storyboard */ = {
			isa = PBXVariantGroup;
			children = (
				69ECB82D1ACA28E600C4F517 /* Base */,
			);
			name = Main.storyboard;
			sourceTree = "<group>";
		};
		69ECB8311ACA28E600C4F517 /* LaunchScreen.xib */ = {
			isa = PBXVariantGroup;
			children = (
				69ECB8321ACA28E600C4F517 /* Base */,
			);
			name = LaunchScreen.xib;
			sourceTree = "<group>";
		};
/* End PBXVariantGroup section */

/* Begin XCBuildConfiguration section */
		69ECB8401ACA28E600C4F517 /* Debug */ = {
			isa = XCBuildConfiguration;
			buildSettings = {
				ALWAYS_SEARCH_USER_PATHS = NO;
				CLANG_CXX_LANGUAGE_STANDARD = "gnu++0x";
				CLANG_CXX_LIBRARY = "libc++";
				CLANG_ENABLE_MODULES = YES;
				CLANG_ENABLE_OBJC_ARC = YES;
				CLANG_WARN_BOOL_CONVERSION = YES;
				CLANG_WARN_CONSTANT_CONVERSION = YES;
				CLANG_WARN_DIRECT_OBJC_ISA_USAGE = YES_ERROR;
				CLANG_WARN_EMPTY_BODY = YES;
				CLANG_WARN_ENUM_CONVERSION = YES;
				CLANG_WARN_INT_CONVERSION = YES;
				CLANG_WARN_OBJC_ROOT_CLASS = YES_ERROR;
				CLANG_WARN_UNREACHABLE_CODE = YES;
				CLANG_WARN__DUPLICATE_METHOD_MATCH = YES;
				"CODE_SIGN_IDENTITY[sdk=iphoneos*]" = "iPhone Developer";
				COPY_PHASE_STRIP = NO;
				ENABLE_STRICT_OBJC_MSGSEND = YES;
				GCC_C_LANGUAGE_STANDARD = gnu99;
				GCC_DYNAMIC_NO_PIC = NO;
				GCC_OPTIMIZATION_LEVEL = 0;
				GCC_PREPROCESSOR_DEFINITIONS = (
					"DEBUG=1",
					"$(inherited)",
				);
				GCC_SYMBOLS_PRIVATE_EXTERN = NO;
				GCC_WARN_64_TO_32_BIT_CONVERSION = YES;
				GCC_WARN_ABOUT_RETURN_TYPE = YES_ERROR;
				GCC_WARN_UNDECLARED_SELECTOR = YES;
				GCC_WARN_UNINITIALIZED_AUTOS = YES_AGGRESSIVE;
				GCC_WARN_UNUSED_FUNCTION = YES;
				GCC_WARN_UNUSED_VARIABLE = YES;
				IPHONEOS_DEPLOYMENT_TARGET = 8.2;
				MTL_ENABLE_DEBUG_INFO = YES;
				ONLY_ACTIVE_ARCH = YES;
				SDKROOT = iphoneos;
				SWIFT_OPTIMIZATION_LEVEL = "-Onone";
				TARGETED_DEVICE_FAMILY = "1,2";
			};
			name = Debug;
		};
		69ECB8411ACA28E600C4F517 /* Release */ = {
			isa = XCBuildConfiguration;
			buildSettings = {
				ALWAYS_SEARCH_USER_PATHS = NO;
				CLANG_CXX_LANGUAGE_STANDARD = "gnu++0x";
				CLANG_CXX_LIBRARY = "libc++";
				CLANG_ENABLE_MODULES = YES;
				CLANG_ENABLE_OBJC_ARC = YES;
				CLANG_WARN_BOOL_CONVERSION = YES;
				CLANG_WARN_CONSTANT_CONVERSION = YES;
				CLANG_WARN_DIRECT_OBJC_ISA_USAGE = YES_ERROR;
				CLANG_WARN_EMPTY_BODY = YES;
				CLANG_WARN_ENUM_CONVERSION = YES;
				CLANG_WARN_INT_CONVERSION = YES;
				CLANG_WARN_OBJC_ROOT_CLASS = YES_ERROR;
				CLANG_WARN_UNREACHABLE_CODE = YES;
				CLANG_WARN__DUPLICATE_METHOD_MATCH = YES;
				"CODE_SIGN_IDENTITY[sdk=iphoneos*]" = "iPhone Developer";
				COPY_PHASE_STRIP = NO;
				ENABLE_NS_ASSERTIONS = NO;
				ENABLE_STRICT_OBJC_MSGSEND = YES;
				GCC_C_LANGUAGE_STANDARD = gnu99;
				GCC_WARN_64_TO_32_BIT_CONVERSION = YES;
				GCC_WARN_ABOUT_RETURN_TYPE = YES_ERROR;
				GCC_WARN_UNDECLARED_SELECTOR = YES;
				GCC_WARN_UNINITIALIZED_AUTOS = YES_AGGRESSIVE;
				GCC_WARN_UNUSED_FUNCTION = YES;
				GCC_WARN_UNUSED_VARIABLE = YES;
				IPHONEOS_DEPLOYMENT_TARGET = 8.2;
				MTL_ENABLE_DEBUG_INFO = NO;
				SDKROOT = iphoneos;
				TARGETED_DEVICE_FAMILY = "1,2";
				VALIDATE_PRODUCT = YES;
			};
			name = Release;
		};
		69ECB8431ACA28E600C4F517 /* Debug */ = {
			isa = XCBuildConfiguration;
			buildSettings = {
				ASSETCATALOG_COMPILER_APPICON_NAME = AppIcon;
				INFOPLIST_FILE = Psychologist/Info.plist;
				LD_RUNPATH_SEARCH_PATHS = "$(inherited) @executable_path/Frameworks";
				PRODUCT_NAME = "$(TARGET_NAME)";
			};
			name = Debug;
		};
		69ECB8441ACA28E600C4F517 /* Release */ = {
			isa = XCBuildConfiguration;
			buildSettings = {
				ASSETCATALOG_COMPILER_APPICON_NAME = AppIcon;
				INFOPLIST_FILE = Psychologist/Info.plist;
				LD_RUNPATH_SEARCH_PATHS = "$(inherited) @executable_path/Frameworks";
				PRODUCT_NAME = "$(TARGET_NAME)";
			};
			name = Release;
		};
		69ECB8461ACA28E600C4F517 /* Debug */ = {
			isa = XCBuildConfiguration;
			buildSettings = {
				BUNDLE_LOADER = "$(TEST_HOST)";
				FRAMEWORK_SEARCH_PATHS = (
					"$(SDKROOT)/Developer/Library/Frameworks",
					"$(inherited)",
				);
				GCC_PREPROCESSOR_DEFINITIONS = (
					"DEBUG=1",
					"$(inherited)",
				);
				INFOPLIST_FILE = PsychologistTests/Info.plist;
				LD_RUNPATH_SEARCH_PATHS = "$(inherited) @executable_path/Frameworks @loader_path/Frameworks";
				PRODUCT_NAME = "$(TARGET_NAME)";
				TEST_HOST = "$(BUILT_PRODUCTS_DIR)/Psychologist.app/Psychologist";
			};
			name = Debug;
		};
		69ECB8471ACA28E600C4F517 /* Release */ = {
			isa = XCBuildConfiguration;
			buildSettings = {
				BUNDLE_LOADER = "$(TEST_HOST)";
				FRAMEWORK_SEARCH_PATHS = (
					"$(SDKROOT)/Developer/Library/Frameworks",
					"$(inherited)",
				);
				INFOPLIST_FILE = PsychologistTests/Info.plist;
				LD_RUNPATH_SEARCH_PATHS = "$(inherited) @executable_path/Frameworks @loader_path/Frameworks";
				PRODUCT_NAME = "$(TARGET_NAME)";
				TEST_HOST = "$(BUILT_PRODUCTS_DIR)/Psychologist.app/Psychologist";
			};
			name = Release;
		};
/* End XCBuildConfiguration section */

/* Begin XCConfigurationList section */
		69ECB81E1ACA28E600C4F517 /* Build configuration list for PBXProject "Psychologist" */ = {
			isa = XCConfigurationList;
			buildConfigurations = (
				69ECB8401ACA28E600C4F517 /* Debug */,
				69ECB8411ACA28E600C4F517 /* Release */,
			);
			defaultConfigurationIsVisible = 0;
			defaultConfigurationName = Release;
		};
		69ECB8421ACA28E600C4F517 /* Build configuration list for PBXNativeTarget "Psychologist" */ = {
			isa = XCConfigurationList;
			buildConfigurations = (
				69ECB8431ACA28E600C4F517 /* Debug */,
				69ECB8441ACA28E600C4F517 /* Release */,
			);
			defaultConfigurationIsVisible = 0;
		};
		69ECB8451ACA28E600C4F517 /* Build configuration list for PBXNativeTarget "PsychologistTests" */ = {
			isa = XCConfigurationList;
			buildConfigurations = (
				69ECB8461ACA28E600C4F517 /* Debug */,
				69ECB8471ACA28E600C4F517 /* Release */,
			);
			defaultConfigurationIsVisible = 0;
		};
/* End XCConfigurationList section */
	};
	rootObject = 69ECB81B1ACA28E600C4F517 /* Project object */;
}
